
Microsoft Visual Studio Solution File, Format Version 12.00
# Visual Studio 2013
VisualStudioVersion = 12.0.0.0
MinimumVisualStudioVersion = 10.0.0.1
Project("{FAE04EC0-301F-11D3-BF4B-00C04F79EFBC}") = "Darkness.Cqrs", "Darkness.Cqrs/Darkness.Cqrs.csproj", "{8F45F342-DA6E-4C78-B17F-78ACC2FA051B}"
EndProject
Project("{FAE04EC0-301F-11D3-BF4B-00C04F79EFBC}") = "Darkness.Cqrs.SimpleInjector", "Darkness.Cqrs.SimpleInjector\Darkness.Cqrs.SimpleInjector.csproj", "{F8377267-88A1-4482-9F42-4008B419D70D}"
EndProject
Project("{FAE04EC0-301F-11D3-BF4B-00C04F79EFBC}") = "Darkness.Cqrs.Tests", "Darkness.Cqrs.Tests\Darkness.Cqrs.Tests.csproj", "{8137747D-0E70-4B9F-A27B-42D1A3230232}"
EndProject
Project("{FAE04EC0-301F-11D3-BF4B-00C04F79EFBC}") = "Darkness.Event", "Darkness.Event\Darkness.Event.csproj", "{6644C5A6-60A5-4BFB-A8BC-03E9093A3552}"
EndProject
Project("{FAE04EC0-301F-11D3-BF4B-00C04F79EFBC}") = "Darkness.Event.Tests", "Darkness.Event.Tests\Darkness.Event.Tests.csproj", "{4DCBECD4-49BA-4638-9FD3-F11833DBAD56}"
EndProject
Project("{FAE04EC0-301F-11D3-BF4B-00C04F79EFBC}") = "Darkness.Event.SimpleInjector", "Darkness.Event.SimpleInjector\Darkness.Event.SimpleInjector.csproj", "{AB3BD570-5DE0-42F5-AF07-7FAF86EE17C3}"
EndProject
Project("{FAE04EC0-301F-11D3-BF4B-00C04F79EFBC}") = "Darkness.Pipeline", "Darkness.Pipeline\Darkness.Pipeline.csproj", "{76731EDB-7C15-4183-B2C5-9EA64D8AFEB3}"
EndProject
Project("{FAE04EC0-301F-11D3-BF4B-00C04F79EFBC}") = "Darkness.Pipeline.Tests", "Darkness.Pipeline.Tests\Darkness.Pipeline.Tests.csproj", "{D5A13F58-8CD6-4BB0-B65C-7EA6488D043C}"
EndProject
Project("{FAE04EC0-301F-11D3-BF4B-00C04F79EFBC}") = "Darkness.Linq", "Darkness.Linq\Darkness.Linq.csproj", "{99ECDBF4-697C-4019-947D-290AABC3B3E0}"
EndProject
Project("{FAE04EC0-301F-11D3-BF4B-00C04F79EFBC}") = "Darkness.Linq.Tests", "Darkness.Linq.Tests\Darkness.Linq.Tests.csproj", "{9CF46CC8-3418-4E8A-8FBE-A1B17EA917AB}"
EndProject
Global
	GlobalSection(SolutionConfigurationPlatforms) = preSolution
		Debug|Any CPU = Debug|Any CPU
		Release|Any CPU = Release|Any CPU
	EndGlobalSection
	GlobalSection(ProjectConfigurationPlatforms) = postSolution
		{8F45F342-DA6E-4C78-B17F-78ACC2FA051B}.Debug|Any CPU.ActiveCfg = Debug|Any CPU
		{8F45F342-DA6E-4C78-B17F-78ACC2FA051B}.Debug|Any CPU.Build.0 = Debug|Any CPU
		{8F45F342-DA6E-4C78-B17F-78ACC2FA051B}.Release|Any CPU.ActiveCfg = Release|Any CPU
		{8F45F342-DA6E-4C78-B17F-78ACC2FA051B}.Release|Any CPU.Build.0 = Release|Any CPU
		{F8377267-88A1-4482-9F42-4008B419D70D}.Debug|Any CPU.ActiveCfg = Debug|Any CPU
		{F8377267-88A1-4482-9F42-4008B419D70D}.Debug|Any CPU.Build.0 = Debug|Any CPU
		{F8377267-88A1-4482-9F42-4008B419D70D}.Release|Any CPU.ActiveCfg = Release|Any CPU
		{F8377267-88A1-4482-9F42-4008B419D70D}.Release|Any CPU.Build.0 = Release|Any CPU
		{8137747D-0E70-4B9F-A27B-42D1A3230232}.Debug|Any CPU.ActiveCfg = Debug|Any CPU
		{8137747D-0E70-4B9F-A27B-42D1A3230232}.Debug|Any CPU.Build.0 = Debug|Any CPU
		{8137747D-0E70-4B9F-A27B-42D1A3230232}.Release|Any CPU.ActiveCfg = Release|Any CPU
		{8137747D-0E70-4B9F-A27B-42D1A3230232}.Release|Any CPU.Build.0 = Release|Any CPU
		{6644C5A6-60A5-4BFB-A8BC-03E9093A3552}.Debug|Any CPU.ActiveCfg = Debug|Any CPU
		{6644C5A6-60A5-4BFB-A8BC-03E9093A3552}.Debug|Any CPU.Build.0 = Debug|Any CPU
		{6644C5A6-60A5-4BFB-A8BC-03E9093A3552}.Release|Any CPU.ActiveCfg = Release|Any CPU
		{6644C5A6-60A5-4BFB-A8BC-03E9093A3552}.Release|Any CPU.Build.0 = Release|Any CPU
		{4DCBECD4-49BA-4638-9FD3-F11833DBAD56}.Debug|Any CPU.ActiveCfg = Debug|Any CPU
		{4DCBECD4-49BA-4638-9FD3-F11833DBAD56}.Debug|Any CPU.Build.0 = Debug|Any CPU
		{4DCBECD4-49BA-4638-9FD3-F11833DBAD56}.Release|Any CPU.ActiveCfg = Release|Any CPU
		{4DCBECD4-49BA-4638-9FD3-F11833DBAD56}.Release|Any CPU.Build.0 = Release|Any CPU
		{AB3BD570-5DE0-42F5-AF07-7FAF86EE17C3}.Debug|Any CPU.ActiveCfg = Debug|Any CPU
		{AB3BD570-5DE0-42F5-AF07-7FAF86EE17C3}.Debug|Any CPU.Build.0 = Debug|Any CPU
		{AB3BD570-5DE0-42F5-AF07-7FAF86EE17C3}.Release|Any CPU.ActiveCfg = Release|Any CPU
		{AB3BD570-5DE0-42F5-AF07-7FAF86EE17C3}.Release|Any CPU.Build.0 = Release|Any CPU
		{76731EDB-7C15-4183-B2C5-9EA64D8AFEB3}.Debug|Any CPU.ActiveCfg = Debug|Any CPU
		{76731EDB-7C15-4183-B2C5-9EA64D8AFEB3}.Debug|Any CPU.Build.0 = Debug|Any CPU
		{76731EDB-7C15-4183-B2C5-9EA64D8AFEB3}.Release|Any CPU.ActiveCfg = Release|Any CPU
		{76731EDB-7C15-4183-B2C5-9EA64D8AFEB3}.Release|Any CPU.Build.0 = Release|Any CPU
		{D5A13F58-8CD6-4BB0-B65C-7EA6488D043C}.Debug|Any CPU.ActiveCfg = Debug|Any CPU
		{D5A13F58-8CD6-4BB0-B65C-7EA6488D043C}.Debug|Any CPU.Build.0 = Debug|Any CPU
		{D5A13F58-8CD6-4BB0-B65C-7EA6488D043C}.Release|Any CPU.ActiveCfg = Release|Any CPU
		{D5A13F58-8CD6-4BB0-B65C-7EA6488D043C}.Release|Any CPU.Build.0 = Release|Any CPU
		{99ECDBF4-697C-4019-947D-290AABC3B3E0}.Debug|Any CPU.ActiveCfg = Debug|Any CPU
		{99ECDBF4-697C-4019-947D-290AABC3B3E0}.Debug|Any CPU.Build.0 = Debug|Any CPU
		{99ECDBF4-697C-4019-947D-290AABC3B3E0}.Release|Any CPU.ActiveCfg = Release|Any CPU
		{99ECDBF4-697C-4019-947D-290AABC3B3E0}.Release|Any CPU.Build.0 = Release|Any CPU
		{9CF46CC8-3418-4E8A-8FBE-A1B17EA917AB}.Debug|Any CPU.ActiveCfg = Debug|Any CPU
		{9CF46CC8-3418-4E8A-8FBE-A1B17EA917AB}.Debug|Any CPU.Build.0 = Debug|Any CPU
		{9CF46CC8-3418-4E8A-8FBE-A1B17EA917AB}.Release|Any CPU.ActiveCfg = Release|Any CPU
		{9CF46CC8-3418-4E8A-8FBE-A1B17EA917AB}.Release|Any CPU.Build.0 = Release|Any CPU
	EndGlobalSection
	GlobalSection(SolutionProperties) = preSolution
		HideSolutionNode = FALSE
	EndGlobalSection
EndGlobal
